{
  "nodes": {
    "nixpkgs": {
      "locked": {
        "lastModified": 1781236690,
        "narHash": "sha256-ox8n9kxKUnMP2Q9sq2NWul2lOUzNFwlvlCVtH4hP0hY=",
        "owner": "NixOS",
        "repo": "nixpkgs",
        "rev": "b5e61da309336bdba24f964dce712a5ab8e0092e",
        "type": "github"
      },
      "original": {
        "owner": "NixOS",
        "ref": "nixpkgs-26.05-darwin",
        "repo": "nixpkgs",
        "type": "github"
      }
    },
    "root": {
      "inputs": {
        "nixpkgs": "nixpkgs"
      }
    }
  },
  "root": "root",
  "version": 7
}
